
Microsoft Visual Studio Solution File, Format Version 12.00
# Visual Studio Version 17
VisualStudioVersion = 17.14.36202.13
MinimumVisualStudioVersion = 10.0.40219.1
Project("{8BC9CEB8-8B4A-11D0-8D11-00A0C91BC942}") = "WinAPI", "WinAPI\WinAPI.vcxproj", "{5C7A83DA-7F38-4370-B6BC-AE38B2BC9B44}"
EndProject
Project("{8BC9CEB8-8B4A-11D0-8D11-00A0C91BC942}") = "ComboBox", "ComboBox\ComboBox.vcxproj", "{6370AF6A-59D8-4747-9F22-AAB1B7804B91}"
EndProject
Project("{8BC9CEB8-8B4A-11D0-8D11-00A0C91BC942}") = "ListBox", "ListBox\ListBox.vcxproj", "{90DF94F6-ED4F-4D0A-AC65-3FFEBFBC5AD9}"
EndProject
Project("{8BC9CEB8-8B4A-11D0-8D11-00A0C91BC942}") = "MainWindow", "MainWindow\MainWindow.vcxproj", "{AE1B0A94-AFCC-488A-80F3-C867F76C96A7}"
EndProject
Global
	GlobalSection(SolutionConfigurationPlatforms) = preSolution
		Debug|x64 = Debug|x64
		Debug|x86 = Debug|x86
		Release|x64 = Release|x64
		Release|x86 = Release|x86
	EndGlobalSection
	GlobalSection(ProjectConfigurationPlatforms) = postSolution
		{5C7A83DA-7F38-4370-B6BC-AE38B2BC9B44}.Debug|x64.ActiveCfg = Debug|x64
		{5C7A83DA-7F38-4370-B6BC-AE38B2BC9B44}.Debug|x64.Build.0 = Debug|x64
		{5C7A83DA-7F38-4370-B6BC-AE38B2BC9B44}.Debug|x86.ActiveCfg = Debug|Win32
		{5C7A83DA-7F38-4370-B6BC-AE38B2BC9B44}.Debug|x86.Build.0 = Debug|Win32
		{5C7A83DA-7F38-4370-B6BC-AE38B2BC9B44}.Release|x64.ActiveCfg = Release|x64
		{5C7A83DA-7F38-4370-B6BC-AE38B2BC9B44}.Release|x64.Build.0 = Release|x64
		{5C7A83DA-7F38-4370-B6BC-AE38B2BC9B44}.Release|x86.ActiveCfg = Release|Win32
		{5C7A83DA-7F38-4370-B6BC-AE38B2BC9B44}.Release|x86.Build.0 = Release|Win32
		{6370AF6A-59D8-4747-9F22-AAB1B7804B91}.Debug|x64.ActiveCfg = Debug|x64
		{6370AF6A-59D8-4747-9F22-AAB1B7804B91}.Debug|x64.Build.0 = Debug|x64
		{6370AF6A-59D8-4747-9F22-AAB1B7804B91}.Debug|x86.ActiveCfg = Debug|Win32
		{6370AF6A-59D8-4747-9F22-AAB1B7804B91}.Debug|x86.Build.0 = Debug|Win32
		{6370AF6A-59D8-4747-9F22-AAB1B7804B91}.Release|x64.ActiveCfg = Release|x64
		{6370AF6A-59D8-4747-9F22-AAB1B7804B91}.Release|x64.Build.0 = Release|x64
		{6370AF6A-59D8-4747-9F22-AAB1B7804B91}.Release|x86.ActiveCfg = Release|Win32
		{6370AF6A-59D8-4747-9F22-AAB1B7804B91}.Release|x86.Build.0 = Release|Win32
		{90DF94F6-ED4F-4D0A-AC65-3FFEBFBC5AD9}.Debug|x64.ActiveCfg = Debug|x64
		{90DF94F6-ED4F-4D0A-AC65-3FFEBFBC5AD9}.Debug|x64.Build.0 = Debug|x64
		{90DF94F6-ED4F-4D0A-AC65-3FFEBFBC5AD9}.Debug|x86.ActiveCfg = Debug|Win32
		{90DF94F6-ED4F-4D0A-AC65-3FFEBFBC5AD9}.Debug|x86.Build.0 = Debug|Win32
		{90DF94F6-ED4F-4D0A-AC65-3FFEBFBC5AD9}.Release|x64.ActiveCfg = Release|x64
		{90DF94F6-ED4F-4D0A-AC65-3FFEBFBC5AD9}.Release|x64.Build.0 = Release|x64
		{90DF94F6-ED4F-4D0A-AC65-3FFEBFBC5AD9}.Release|x86.ActiveCfg = Release|Win32
		{90DF94F6-ED4F-4D0A-AC65-3FFEBFBC5AD9}.Release|x86.Build.0 = Release|Win32
		{AE1B0A94-AFCC-488A-80F3-C867F76C96A7}.Debug|x64.ActiveCfg = Debug|x64
		{AE1B0A94-AFCC-488A-80F3-C867F76C96A7}.Debug|x64.Build.0 = Debug|x64
		{AE1B0A94-AFCC-488A-80F3-C867F76C96A7}.Debug|x86.ActiveCfg = Debug|Win32
		{AE1B0A94-AFCC-488A-80F3-C867F76C96A7}.Debug|x86.Build.0 = Debug|Win32
		{AE1B0A94-AFCC-488A-80F3-C867F76C96A7}.Release|x64.ActiveCfg = Release|x64
		{AE1B0A94-AFCC-488A-80F3-C867F76C96A7}.Release|x64.Build.0 = Release|x64
		{AE1B0A94-AFCC-488A-80F3-C867F76C96A7}.Release|x86.ActiveCfg = Release|Win32
		{AE1B0A94-AFCC-488A-80F3-C867F76C96A7}.Release|x86.Build.0 = Release|Win32
	EndGlobalSection
	GlobalSection(SolutionProperties) = preSolution
		HideSolutionNode = FALSE
	EndGlobalSection
	GlobalSection(ExtensibilityGlobals) = postSolution
		SolutionGuid = {5E6DE01E-2C7C-462D-A483-B25D9FABF24D}
	EndGlobalSection
EndGlobal
