
Microsoft Visual Studio Solution File, Format Version 12.00
# Visual Studio Version 17
VisualStudioVersion = 17.14.36202.13
MinimumVisualStudioVersion = 10.0.40219.1
Project("{8BC9CEB8-8B4A-11D0-8D11-00A0C91BC942}") = "WinAPI", "WinAPI\WinAPI.vcxproj", "{5C7A83DA-7F38-4370-B6BC-AE38B2BC9B44}"
EndProject
Project("{8BC9CEB8-8B4A-11D0-8D11-00A0C91BC942}") = "ComboBox", "ComboBox\ComboBox.vcxproj", "{6370AF6A-59D8-4747-9F22-AAB1B7804B91}"
EndProject
Project("{8BC9CEB8-8B4A-11D0-8D11-00A0C91BC942}") = "ListBox", "ListBox\ListBox.vcxproj", "{90DF94F6-ED4F-4D0A-AC65-3FFEBFBC5AD9}"
EndProject
Project("{8BC9CEB8-8B4A-11D0-8D11-00A0C91BC942}") = "MainWindow", "MainWindow\MainWindow.vcxproj", "{63A0D762-03D0-4A57-89A1-1EF1B4EADEB6}"
EndProject
Project("{8BC9CEB8-8B4A-11D0-8D11-00A0C91BC942}") = "Calc", "Calc\Calc.vcxproj", "{8C4DBBDD-A207-4520-90ED-B16C13E64EAF}"
EndProject
Project("{8BC9CEB8-8B4A-11D0-8D11-00A0C91BC942}") = "Calcul", "Calcul\Calcul.vcxproj", "{85550C1C-2621-4227-BCDF-A4C24C6118F2}"
EndProject
Project("{8BC9CEB8-8B4A-11D0-8D11-00A0C91BC942}") = "Calculat", "Calculat\Calculat.vcxproj", "{68E3EDBB-8AFA-40AA-8D06-BA03B04635B6}"
EndProject
Project("{8BC9CEB8-8B4A-11D0-8D11-00A0C91BC942}") = "Calcul2", "Calcul2\Calcul2.vcxproj", "{E71435A1-C017-4115-8EAD-755BFA1D7094}"
EndProject
Project("{8BC9CEB8-8B4A-11D0-8D11-00A0C91BC942}") = "Buttons", "Buttons\Buttons.vcxproj", "{6E7ED6BB-A24C-408D-B4D6-25B8C66C0421}"
EndProject
Project("{8BC9CEB8-8B4A-11D0-8D11-00A0C91BC942}") = "LastError", "LastError\LastError.vcxproj", "{7EF75AAF-1372-4A32-8F83-C60315E53DBE}"
EndProject
Project("{8BC9CEB8-8B4A-11D0-8D11-00A0C91BC942}") = "FontsDLL", "FontsDLL\FontsDLL.vcxproj", "{EFA037B6-C494-4F45-A683-1AAED915DAB7}"
EndProject
Global
	GlobalSection(SolutionConfigurationPlatforms) = preSolution
		Debug|x64 = Debug|x64
		Debug|x86 = Debug|x86
		Release|x64 = Release|x64
		Release|x86 = Release|x86
	EndGlobalSection
	GlobalSection(ProjectConfigurationPlatforms) = postSolution
		{5C7A83DA-7F38-4370-B6BC-AE38B2BC9B44}.Debug|x64.ActiveCfg = Debug|x64
		{5C7A83DA-7F38-4370-B6BC-AE38B2BC9B44}.Debug|x64.Build.0 = Debug|x64
		{5C7A83DA-7F38-4370-B6BC-AE38B2BC9B44}.Debug|x86.ActiveCfg = Debug|Win32
		{5C7A83DA-7F38-4370-B6BC-AE38B2BC9B44}.Debug|x86.Build.0 = Debug|Win32
		{5C7A83DA-7F38-4370-B6BC-AE38B2BC9B44}.Release|x64.ActiveCfg = Release|x64
		{5C7A83DA-7F38-4370-B6BC-AE38B2BC9B44}.Release|x64.Build.0 = Release|x64
		{5C7A83DA-7F38-4370-B6BC-AE38B2BC9B44}.Release|x86.ActiveCfg = Release|Win32
		{5C7A83DA-7F38-4370-B6BC-AE38B2BC9B44}.Release|x86.Build.0 = Release|Win32
		{6370AF6A-59D8-4747-9F22-AAB1B7804B91}.Debug|x64.ActiveCfg = Debug|x64
		{6370AF6A-59D8-4747-9F22-AAB1B7804B91}.Debug|x64.Build.0 = Debug|x64
		{6370AF6A-59D8-4747-9F22-AAB1B7804B91}.Debug|x86.ActiveCfg = Debug|Win32
		{6370AF6A-59D8-4747-9F22-AAB1B7804B91}.Debug|x86.Build.0 = Debug|Win32
		{6370AF6A-59D8-4747-9F22-AAB1B7804B91}.Release|x64.ActiveCfg = Release|x64
		{6370AF6A-59D8-4747-9F22-AAB1B7804B91}.Release|x64.Build.0 = Release|x64
		{6370AF6A-59D8-4747-9F22-AAB1B7804B91}.Release|x86.ActiveCfg = Release|Win32
		{6370AF6A-59D8-4747-9F22-AAB1B7804B91}.Release|x86.Build.0 = Release|Win32
		{90DF94F6-ED4F-4D0A-AC65-3FFEBFBC5AD9}.Debug|x64.ActiveCfg = Debug|x64
		{90DF94F6-ED4F-4D0A-AC65-3FFEBFBC5AD9}.Debug|x64.Build.0 = Debug|x64
		{90DF94F6-ED4F-4D0A-AC65-3FFEBFBC5AD9}.Debug|x86.ActiveCfg = Debug|Win32
		{90DF94F6-ED4F-4D0A-AC65-3FFEBFBC5AD9}.Debug|x86.Build.0 = Debug|Win32
		{90DF94F6-ED4F-4D0A-AC65-3FFEBFBC5AD9}.Release|x64.ActiveCfg = Release|x64
		{90DF94F6-ED4F-4D0A-AC65-3FFEBFBC5AD9}.Release|x64.Build.0 = Release|x64
		{90DF94F6-ED4F-4D0A-AC65-3FFEBFBC5AD9}.Release|x86.ActiveCfg = Release|Win32
		{90DF94F6-ED4F-4D0A-AC65-3FFEBFBC5AD9}.Release|x86.Build.0 = Release|Win32
		{63A0D762-03D0-4A57-89A1-1EF1B4EADEB6}.Debug|x64.ActiveCfg = Debug|x64
		{63A0D762-03D0-4A57-89A1-1EF1B4EADEB6}.Debug|x64.Build.0 = Debug|x64
		{63A0D762-03D0-4A57-89A1-1EF1B4EADEB6}.Debug|x86.ActiveCfg = Debug|Win32
		{63A0D762-03D0-4A57-89A1-1EF1B4EADEB6}.Debug|x86.Build.0 = Debug|Win32
		{63A0D762-03D0-4A57-89A1-1EF1B4EADEB6}.Release|x64.ActiveCfg = Release|x64
		{63A0D762-03D0-4A57-89A1-1EF1B4EADEB6}.Release|x64.Build.0 = Release|x64
		{63A0D762-03D0-4A57-89A1-1EF1B4EADEB6}.Release|x86.ActiveCfg = Release|Win32
		{63A0D762-03D0-4A57-89A1-1EF1B4EADEB6}.Release|x86.Build.0 = Release|Win32
		{8C4DBBDD-A207-4520-90ED-B16C13E64EAF}.Debug|x64.ActiveCfg = Debug|x64
		{8C4DBBDD-A207-4520-90ED-B16C13E64EAF}.Debug|x64.Build.0 = Debug|x64
		{8C4DBBDD-A207-4520-90ED-B16C13E64EAF}.Debug|x86.ActiveCfg = Debug|Win32
		{8C4DBBDD-A207-4520-90ED-B16C13E64EAF}.Debug|x86.Build.0 = Debug|Win32
		{8C4DBBDD-A207-4520-90ED-B16C13E64EAF}.Release|x64.ActiveCfg = Release|x64
		{8C4DBBDD-A207-4520-90ED-B16C13E64EAF}.Release|x64.Build.0 = Release|x64
		{8C4DBBDD-A207-4520-90ED-B16C13E64EAF}.Release|x86.ActiveCfg = Release|Win32
		{8C4DBBDD-A207-4520-90ED-B16C13E64EAF}.Release|x86.Build.0 = Release|Win32
		{85550C1C-2621-4227-BCDF-A4C24C6118F2}.Debug|x64.ActiveCfg = Debug|x64
		{85550C1C-2621-4227-BCDF-A4C24C6118F2}.Debug|x64.Build.0 = Debug|x64
		{85550C1C-2621-4227-BCDF-A4C24C6118F2}.Debug|x86.ActiveCfg = Debug|Win32
		{85550C1C-2621-4227-BCDF-A4C24C6118F2}.Debug|x86.Build.0 = Debug|Win32
		{85550C1C-2621-4227-BCDF-A4C24C6118F2}.Release|x64.ActiveCfg = Release|x64
		{85550C1C-2621-4227-BCDF-A4C24C6118F2}.Release|x64.Build.0 = Release|x64
		{85550C1C-2621-4227-BCDF-A4C24C6118F2}.Release|x86.ActiveCfg = Release|Win32
		{85550C1C-2621-4227-BCDF-A4C24C6118F2}.Release|x86.Build.0 = Release|Win32
		{68E3EDBB-8AFA-40AA-8D06-BA03B04635B6}.Debug|x64.ActiveCfg = Debug|x64
		{68E3EDBB-8AFA-40AA-8D06-BA03B04635B6}.Debug|x64.Build.0 = Debug|x64
		{68E3EDBB-8AFA-40AA-8D06-BA03B04635B6}.Debug|x86.ActiveCfg = Debug|Win32
		{68E3EDBB-8AFA-40AA-8D06-BA03B04635B6}.Debug|x86.Build.0 = Debug|Win32
		{68E3EDBB-8AFA-40AA-8D06-BA03B04635B6}.Release|x64.ActiveCfg = Release|x64
		{68E3EDBB-8AFA-40AA-8D06-BA03B04635B6}.Release|x64.Build.0 = Release|x64
		{68E3EDBB-8AFA-40AA-8D06-BA03B04635B6}.Release|x86.ActiveCfg = Release|Win32
		{68E3EDBB-8AFA-40AA-8D06-BA03B04635B6}.Release|x86.Build.0 = Release|Win32
		{E71435A1-C017-4115-8EAD-755BFA1D7094}.Debug|x64.ActiveCfg = Debug|x64
		{E71435A1-C017-4115-8EAD-755BFA1D7094}.Debug|x64.Build.0 = Debug|x64
		{E71435A1-C017-4115-8EAD-755BFA1D7094}.Debug|x86.ActiveCfg = Debug|Win32
		{E71435A1-C017-4115-8EAD-755BFA1D7094}.Debug|x86.Build.0 = Debug|Win32
		{E71435A1-C017-4115-8EAD-755BFA1D7094}.Release|x64.ActiveCfg = Release|x64
		{E71435A1-C017-4115-8EAD-755BFA1D7094}.Release|x64.Build.0 = Release|x64
		{E71435A1-C017-4115-8EAD-755BFA1D7094}.Release|x86.ActiveCfg = Release|Win32
		{E71435A1-C017-4115-8EAD-755BFA1D7094}.Release|x86.Build.0 = Release|Win32
		{6E7ED6BB-A24C-408D-B4D6-25B8C66C0421}.Debug|x64.ActiveCfg = Debug|x64
		{6E7ED6BB-A24C-408D-B4D6-25B8C66C0421}.Debug|x64.Build.0 = Debug|x64
		{6E7ED6BB-A24C-408D-B4D6-25B8C66C0421}.Debug|x86.ActiveCfg = Debug|Win32
		{6E7ED6BB-A24C-408D-B4D6-25B8C66C0421}.Debug|x86.Build.0 = Debug|Win32
		{6E7ED6BB-A24C-408D-B4D6-25B8C66C0421}.Release|x64.ActiveCfg = Release|x64
		{6E7ED6BB-A24C-408D-B4D6-25B8C66C0421}.Release|x64.Build.0 = Release|x64
		{6E7ED6BB-A24C-408D-B4D6-25B8C66C0421}.Release|x86.ActiveCfg = Release|Win32
		{6E7ED6BB-A24C-408D-B4D6-25B8C66C0421}.Release|x86.Build.0 = Release|Win32
		{7EF75AAF-1372-4A32-8F83-C60315E53DBE}.Debug|x64.ActiveCfg = Debug|x64
		{7EF75AAF-1372-4A32-8F83-C60315E53DBE}.Debug|x64.Build.0 = Debug|x64
		{7EF75AAF-1372-4A32-8F83-C60315E53DBE}.Debug|x86.ActiveCfg = Debug|Win32
		{7EF75AAF-1372-4A32-8F83-C60315E53DBE}.Debug|x86.Build.0 = Debug|Win32
		{7EF75AAF-1372-4A32-8F83-C60315E53DBE}.Release|x64.ActiveCfg = Release|x64
		{7EF75AAF-1372-4A32-8F83-C60315E53DBE}.Release|x64.Build.0 = Release|x64
		{7EF75AAF-1372-4A32-8F83-C60315E53DBE}.Release|x86.ActiveCfg = Release|Win32
		{7EF75AAF-1372-4A32-8F83-C60315E53DBE}.Release|x86.Build.0 = Release|Win32
		{EFA037B6-C494-4F45-A683-1AAED915DAB7}.Debug|x64.ActiveCfg = Debug|x64
		{EFA037B6-C494-4F45-A683-1AAED915DAB7}.Debug|x64.Build.0 = Debug|x64
		{EFA037B6-C494-4F45-A683-1AAED915DAB7}.Debug|x86.ActiveCfg = Debug|Win32
		{EFA037B6-C494-4F45-A683-1AAED915DAB7}.Debug|x86.Build.0 = Debug|Win32
		{EFA037B6-C494-4F45-A683-1AAED915DAB7}.Release|x64.ActiveCfg = Release|x64
		{EFA037B6-C494-4F45-A683-1AAED915DAB7}.Release|x64.Build.0 = Release|x64
		{EFA037B6-C494-4F45-A683-1AAED915DAB7}.Release|x86.ActiveCfg = Release|Win32
		{EFA037B6-C494-4F45-A683-1AAED915DAB7}.Release|x86.Build.0 = Release|Win32
	EndGlobalSection
	GlobalSection(SolutionProperties) = preSolution
		HideSolutionNode = FALSE
	EndGlobalSection
	GlobalSection(ExtensibilityGlobals) = postSolution
		SolutionGuid = {5E6DE01E-2C7C-462D-A483-B25D9FABF24D}
	EndGlobalSection
EndGlobal
